{
  "name": "elita-qa",
  "version": "1.0.0",
  "lockfileVersion": 3,
  "requires": true,
  "packages": {
    "": {
      "name": "elita-qa",
      "version": "1.0.0",
      "devDependencies": {
        "prettier": "^3.0.0",
        "prettier-plugin-gherkin": "^4.0.0"
      }
    },
    "node_modules/@cucumber/gherkin": {
      "version": "39.1.0",
      "resolved": "https://registry.npmjs.org/@cucumber/gherkin/-/gherkin-39.1.0.tgz",
      "integrity": "sha512-pqmSO2bUWxJm3TbNrKXlDaHjL6c77+ez9kWmfCd9oRPeTRPEVH3spZvpAqdXYWOZYSNYwWFCAAeZ4RGpkauNoQ==",
      "dev": true,
      "license": "MIT",
      "dependencies": {
        "@cucumber/messages": ">=31.0.0 <33"
      }
    },
    "node_modules/@cucumber/messages": {
      "version": "32.3.1",
      "resolved": "https://registry.npmjs.org/@cucumber/messages/-/messages-32.3.1.tgz",
      "integrity": "sha512-yNQq1KoXRYaEKrWMFmpUQX7TdeQuU9jeGgJAZ3dArTsC/T4NpJ6DnqaJIIgwPnz/wtQIQTNX7/h0rOuF5xY4qQ==",
      "dev": true,
      "license": "MIT",
      "dependencies": {
        "class-transformer": "0.5.1",
        "reflect-metadata": "0.2.2"
      }
    },
    "node_modules/class-transformer": {
      "version": "0.5.1",
      "resolved": "https://registry.npmjs.org/class-transformer/-/class-transformer-0.5.1.tgz",
      "integrity": "sha512-SQa1Ws6hUbfC98vKGxZH3KFY0Y1lm5Zm0SY8XX9zbK7FJCyVEac3ATW0RIpwzW+oOfmHE5PMPufDG9hCfoEOMw==",
      "dev": true,
      "license": "MIT"
    },
    "node_modules/prettier": {
      "version": "3.9.4",
      "resolved": "https://registry.npmjs.org/prettier/-/prettier-3.9.4.tgz",
      "integrity": "sha512-yWG/o/4oJfo036EKAfK6ACAoDOfHeRHx4tuxkfBZiauURiaSmYwlpOr5LQqKtIkRD2z1PLteme2WoxEnj4tHTg==",
      "dev": true,
      "license": "MIT",
      "bin": {
        "prettier": "bin/prettier.cjs"
      },
      "engines": {
        "node": ">=14"
      },
      "funding": {
        "url": "https://github.com/prettier/prettier?sponsor=1"
      }
    },
    "node_modules/prettier-plugin-gherkin": {
      "version": "4.0.0",
      "resolved": "https://registry.npmjs.org/prettier-plugin-gherkin/-/prettier-plugin-gherkin-4.0.0.tgz",
      "integrity": "sha512-EBDwV1Ou9rG+seoh7jcwZ6sXXyHwsbUks5TeSyrlrLaTdz+/qYvnHuwY8rk7mb6/+M1ZGuY4/SiVc68ybwvJOA==",
      "dev": true,
      "license": "MIT",
      "dependencies": {
        "@cucumber/gherkin": "^39.1.0",
        "@cucumber/messages": "^32.3.1",
        "prettier": "^3.5.3"
      }
    },
    "node_modules/reflect-metadata": {
      "version": "0.2.2",
      "resolved": "https://registry.npmjs.org/reflect-metadata/-/reflect-metadata-0.2.2.tgz",
      "integrity": "sha512-urBwgfrvVP/eAyXx4hluJivBKzuEbSQs9rKWCrCkbSxNv8mxPcUZKeuoF3Uy4mJl3Lwprp6yy5/39VWigZ4K6Q==",
      "dev": true,
      "license": "Apache-2.0"
    }
  }
}
